
Microsoft Visual Studio Solution File, Format Version 12.00
# Visual Studio Version 17
VisualStudioVersion = 17.3.32825.248
MinimumVisualStudioVersion = 10.0.40219.1
Project("{FAE04EC0-301F-11D3-BF4B-00C04F79EFBC}") = "WpfApp1", "WpfApp1\WpfApp1.csproj", "{249783F6-B6E0-4EB8-8CCA-B7DEF9C62905}"
EndProject
Global
	GlobalSection(SolutionConfigurationPlatforms) = preSolution
		Debug|Any CPU = Debug|Any CPU
		Release|Any CPU = Release|Any CPU
	EndGlobalSection
	GlobalSection(ProjectConfigurationPlatforms) = postSolution
		{249783F6-B6E0-4EB8-8CCA-B7DEF9C62905}.Debug|Any CPU.ActiveCfg = Debug|Any CPU
		{249783F6-B6E0-4EB8-8CCA-B7DEF9C62905}.Debug|Any CPU.Build.0 = Debug|Any CPU
		{249783F6-B6E0-4EB8-8CCA-B7DEF9C62905}.Release|Any CPU.ActiveCfg = Release|Any CPU
		{249783F6-B6E0-4EB8-8CCA-B7DEF9C62905}.Release|Any CPU.Build.0 = Release|Any CPU
	EndGlobalSection
	GlobalSection(SolutionProperties) = preSolution
		HideSolutionNode = FALSE
	EndGlobalSection
	GlobalSection(ExtensibilityGlobals) = postSolution
		SolutionGuid = {838D35BE-9694-4C41-85F3-CF18F418D263}
	EndGlobalSection
EndGlobal
